
Microsoft Visual Studio Solution File, Format Version 12.00
# Visual Studio 15
VisualStudioVersion = 15.0.28010.2019
MinimumVisualStudioVersion = 10.0.40219.1
Project("{9A19103F-16F7-4668-BE54-9A1E7A4F7556}") = "NetworkZoneModelCli", "NetworkZoneModelCli\NetworkZoneModelCli.csproj", "{7A6E7DBF-BC5D-4E02-91CD-D998AB3E2D05}"
EndProject
Project("{9A19103F-16F7-4668-BE54-9A1E7A4F7556}") = "ZoneModel.Services", "ZoneModel.Services\ZoneModel.Services.csproj", "{DABF5C75-69CE-4F41-BF78-4AD6164FEFEF}"
EndProject
Project("{9A19103F-16F7-4668-BE54-9A1E7A4F7556}") = "ZoneModel.Tests", "ZoneModel.Tests\ZoneModel.Tests.csproj", "{B302ABD3-0F23-45AA-8694-9B343ACE8D05}"
EndProject
Project("{9A19103F-16F7-4668-BE54-9A1E7A4F7556}") = "ZoneModel.Model", "ZoneModel.Model\ZoneModel.Model.csproj", "{0780C36D-563B-47C3-AF7D-85B195CEDA80}"
EndProject
Project("{2150E333-8FDC-42A3-9474-1A3956D46DE8}") = "Solution Items", "Solution Items", "{4C7B169E-78A5-4B27-B25C-BB23C39550CE}"
	ProjectSection(SolutionItems) = preProject
		build.bat = build.bat
		build.ps1 = build.ps1
	EndProjectSection
EndProject
Global
	GlobalSection(SolutionConfigurationPlatforms) = preSolution
		Debug|Any CPU = Debug|Any CPU
		Release|Any CPU = Release|Any CPU
	EndGlobalSection
	GlobalSection(ProjectConfigurationPlatforms) = postSolution
		{7A6E7DBF-BC5D-4E02-91CD-D998AB3E2D05}.Debug|Any CPU.ActiveCfg = Debug|Any CPU
		{7A6E7DBF-BC5D-4E02-91CD-D998AB3E2D05}.Debug|Any CPU.Build.0 = Debug|Any CPU
		{7A6E7DBF-BC5D-4E02-91CD-D998AB3E2D05}.Release|Any CPU.ActiveCfg = Release|Any CPU
		{7A6E7DBF-BC5D-4E02-91CD-D998AB3E2D05}.Release|Any CPU.Build.0 = Release|Any CPU
		{DABF5C75-69CE-4F41-BF78-4AD6164FEFEF}.Debug|Any CPU.ActiveCfg = Debug|Any CPU
		{DABF5C75-69CE-4F41-BF78-4AD6164FEFEF}.Debug|Any CPU.Build.0 = Debug|Any CPU
		{DABF5C75-69CE-4F41-BF78-4AD6164FEFEF}.Release|Any CPU.ActiveCfg = Release|Any CPU
		{DABF5C75-69CE-4F41-BF78-4AD6164FEFEF}.Release|Any CPU.Build.0 = Release|Any CPU
		{B302ABD3-0F23-45AA-8694-9B343ACE8D05}.Debug|Any CPU.ActiveCfg = Debug|Any CPU
		{B302ABD3-0F23-45AA-8694-9B343ACE8D05}.Debug|Any CPU.Build.0 = Debug|Any CPU
		{B302ABD3-0F23-45AA-8694-9B343ACE8D05}.Release|Any CPU.ActiveCfg = Release|Any CPU
		{B302ABD3-0F23-45AA-8694-9B343ACE8D05}.Release|Any CPU.Build.0 = Release|Any CPU
		{0780C36D-563B-47C3-AF7D-85B195CEDA80}.Debug|Any CPU.ActiveCfg = Debug|Any CPU
		{0780C36D-563B-47C3-AF7D-85B195CEDA80}.Debug|Any CPU.Build.0 = Debug|Any CPU
		{0780C36D-563B-47C3-AF7D-85B195CEDA80}.Release|Any CPU.ActiveCfg = Release|Any CPU
		{0780C36D-563B-47C3-AF7D-85B195CEDA80}.Release|Any CPU.Build.0 = Release|Any CPU
	EndGlobalSection
	GlobalSection(SolutionProperties) = preSolution
		HideSolutionNode = FALSE
	EndGlobalSection
	GlobalSection(ExtensibilityGlobals) = postSolution
		SolutionGuid = {46A0037A-7FC8-43C0-BA97-00EAB42E34D7}
	EndGlobalSection
EndGlobal
